lockfileVersion: 5.4

importers:

  ../../.pnpm-store/v3/tmp/dlx-8792:
    specifiers:
      git-format-staged: ^3.0.0
    dependencies:
      git-format-staged: 3.0.0

packages:

  /git-format-staged/3.0.0:
    resolution: {integrity: sha512-cdDJxV06qY8ucBsW/uIFR4PYN/kDHl43nG8yg+VPPaDeLAf8hEPhEIJTeJ+yRClxcDSpoTmDPiFZUoxFx1wPCg==}
    hasBin: true
    dev: false
